
Microsoft Visual Studio Solution File, Format Version 12.00
# Visual Studio 15
VisualStudioVersion = 15.0.28010.2026
MinimumVisualStudioVersion = 10.0.40219.1
Project("{FAE04EC0-301F-11D3-BF4B-00C04F79EFBC}") = "TestableSportStore", "TestableSportStore\TestableSportStore.csproj", "{C93AB855-06E3-4039-9D5C-EA03F4778D91}"
EndProject
Project("{FAE04EC0-301F-11D3-BF4B-00C04F79EFBC}") = "TestableSportStore.Tests", "TestableSportStore.Tests\TestableSportStore.Tests.csproj", "{F2004038-BA10-4070-BF42-D77F9E5B49B5}"
EndProject
Global
	GlobalSection(SolutionConfigurationPlatforms) = preSolution
		Debug|Any CPU = Debug|Any CPU
		Release|Any CPU = Release|Any CPU
	EndGlobalSection
	GlobalSection(ProjectConfigurationPlatforms) = postSolution
		{C93AB855-06E3-4039-9D5C-EA03F4778D91}.Debug|Any CPU.ActiveCfg = Debug|Any CPU
		{C93AB855-06E3-4039-9D5C-EA03F4778D91}.Debug|Any CPU.Build.0 = Debug|Any CPU
		{C93AB855-06E3-4039-9D5C-EA03F4778D91}.Release|Any CPU.ActiveCfg = Release|Any CPU
		{C93AB855-06E3-4039-9D5C-EA03F4778D91}.Release|Any CPU.Build.0 = Release|Any CPU
		{F2004038-BA10-4070-BF42-D77F9E5B49B5}.Debug|Any CPU.ActiveCfg = Debug|Any CPU
		{F2004038-BA10-4070-BF42-D77F9E5B49B5}.Debug|Any CPU.Build.0 = Debug|Any CPU
		{F2004038-BA10-4070-BF42-D77F9E5B49B5}.Release|Any CPU.ActiveCfg = Release|Any CPU
		{F2004038-BA10-4070-BF42-D77F9E5B49B5}.Release|Any CPU.Build.0 = Release|Any CPU
	EndGlobalSection
	GlobalSection(SolutionProperties) = preSolution
		HideSolutionNode = FALSE
	EndGlobalSection
	GlobalSection(ExtensibilityGlobals) = postSolution
		SolutionGuid = {B5ADE41B-5995-44DE-A687-77046ECE059B}
	EndGlobalSection
EndGlobal
